// !$*UTF8*$!
{
	archiveVersion = 1;
	classes = {
	};
	objectVersion = 52;
	objects = {

/* Begin PBXBuildFile section */
		9B031375235600B600D90D30 /* AppDelegate.swift in Sources */ = {isa = PBXBuildFile; fileRef = 9B031374235600B600D90D30 /* AppDelegate.swift */; };
		9B031377235600B600D90D30 /* SceneDelegate.swift in Sources */ = {isa = PBXBuildFile; fileRef = 9B031376235600B600D90D30 /* SceneDelegate.swift */; };
		9B031379235600B600D90D30 /* ViewController.swift in Sources */ = {isa = PBXBuildFile; fileRef = 9B031378235600B600D90D30 /* ViewController.swift */; };
		9B03137C235600B600D90D30 /* Main.storyboard in Resources */ = {isa = PBXBuildFile; fileRef = 9B03137A235600B600D90D30 /* Main.storyboard */; };
		9B03137E235600B700D90D30 /* Assets.xcassets in Resources */ = {isa = PBXBuildFile; fileRef = 9B03137D235600B700D90D30 /* Assets.xcassets */; };
		9B031381235600B700D90D30 /* LaunchScreen.storyboard in Resources */ = {isa = PBXBuildFile; fileRef = 9B03137F235600B700D90D30 /* LaunchScreen.storyboard */; };
		9B47871C2358079F0071A884 /* AddressPickerController.swift in Sources */ = {isa = PBXBuildFile; fileRef = 9B47871B2358079F0071A884 /* AddressPickerController.swift */; };
		9B6F93AE235978AA00C770F6 /* SoundPlayerViewController.swift in Sources */ = {isa = PBXBuildFile; fileRef = 9B6F93AD235978AA00C770F6 /* SoundPlayerViewController.swift */; };
		9B6F93B023597A4100C770F6 /* sound.m4a in Resources */ = {isa = PBXBuildFile; fileRef = 9B6F93AF23597A4100C770F6 /* sound.m4a */; };
		9B90CF662358064F007BBA9C /* StoryBoard.swift in Sources */ = {isa = PBXBuildFile; fileRef = 9B90CF652358064F007BBA9C /* StoryBoard.swift */; };
		9BBB10C2235716BE002A0AC3 /* UserDefaultsSettableViewController.swift in Sources */ = {isa = PBXBuildFile; fileRef = 9BBB10C1235716BE002A0AC3 /* UserDefaultsSettableViewController.swift */; };
		9BBB10C52357277D002A0AC3 /* Utils in Frameworks */ = {isa = PBXBuildFile; productRef = 9BBB10C42357277D002A0AC3 /* Utils */; };
/* End PBXBuildFile section */

/* Begin PBXFileReference section */
		9B031371235600B600D90D30 /* Demo.app */ = {isa = PBXFileReference; explicitFileType = wrapper.application; includeInIndex = 0; path = Demo.app; sourceTree = BUILT_PRODUCTS_DIR; };
		9B031374235600B600D90D30 /* AppDelegate.swift */ = {isa = PBXFileReference; lastKnownFileType = sourcecode.swift; path = AppDelegate.swift; sourceTree = "<group>"; };
		9B031376235600B600D90D30 /* SceneDelegate.swift */ = {isa = PBXFileReference; lastKnownFileType = sourcecode.swift; path = SceneDelegate.swift; sourceTree = "<group>"; };
		9B031378235600B600D90D30 /* ViewController.swift */ = {isa = PBXFileReference; lastKnownFileType = sourcecode.swift; path = ViewController.swift; sourceTree = "<group>"; };
		9B03137B235600B600D90D30 /* Base */ = {isa = PBXFileReference; lastKnownFileType = file.storyboard; name = Base; path = Base.lproj/Main.storyboard; sourceTree = "<group>"; };
		9B03137D235600B700D90D30 /* Assets.xcassets */ = {isa = PBXFileReference; lastKnownFileType = folder.assetcatalog; path = Assets.xcassets; sourceTree = "<group>"; };
		9B031380235600B700D90D30 /* Base */ = {isa = PBXFileReference; lastKnownFileType = file.storyboard; name = Base; path = Base.lproj/LaunchScreen.storyboard; sourceTree = "<group>"; };
		9B031382235600B700D90D30 /* Info.plist */ = {isa = PBXFileReference; lastKnownFileType = text.plist.xml; path = Info.plist; sourceTree = "<group>"; };
		9B47871B2358079F0071A884 /* AddressPickerController.swift */ = {isa = PBXFileReference; lastKnownFileType = sourcecode.swift; path = AddressPickerController.swift; sourceTree = "<group>"; };
		9B6F93AD235978AA00C770F6 /* SoundPlayerViewController.swift */ = {isa = PBXFileReference; lastKnownFileType = sourcecode.swift; path = SoundPlayerViewController.swift; sourceTree = "<group>"; };
		9B6F93AF23597A4100C770F6 /* sound.m4a */ = {isa = PBXFileReference; lastKnownFileType = file; path = sound.m4a; sourceTree = "<group>"; };
		9B90CF652358064F007BBA9C /* StoryBoard.swift */ = {isa = PBXFileReference; lastKnownFileType = sourcecode.swift; path = StoryBoard.swift; sourceTree = "<group>"; };
		9BBB10C1235716BE002A0AC3 /* UserDefaultsSettableViewController.swift */ = {isa = PBXFileReference; lastKnownFileType = sourcecode.swift; path = UserDefaultsSettableViewController.swift; sourceTree = "<group>"; };
/* End PBXFileReference section */

/* Begin PBXFrameworksBuildPhase section */
		9B03136E235600B600D90D30 /* Frameworks */ = {
			isa = PBXFrameworksBuildPhase;
			buildActionMask = 2147483647;
			files = (
				9BBB10C52357277D002A0AC3 /* Utils in Frameworks */,
			);
			runOnlyForDeploymentPostprocessing = 0;
		};
/* End PBXFrameworksBuildPhase section */

/* Begin PBXGroup section */
		9B031368235600B600D90D30 = {
			isa = PBXGroup;
			children = (
				9B031373235600B600D90D30 /* Demo */,
				9B031372235600B600D90D30 /* Products */,
				9BBB10C32357277D002A0AC3 /* Frameworks */,
			);
			sourceTree = "<group>";
		};
		9B031372235600B600D90D30 /* Products */ = {
			isa = PBXGroup;
			children = (
				9B031371235600B600D90D30 /* Demo.app */,
			);
			name = Products;
			sourceTree = "<group>";
		};
		9B031373235600B600D90D30 /* Demo */ = {
			isa = PBXGroup;
			children = (
				9B6F93AC235975EF00C770F6 /* SoundPlayer */,
				9B90CF642358054E007BBA9C /* Storyboard */,
				9B90CF6323574CDB007BBA9C /* Address */,
				9BBB10C02357169A002A0AC3 /* Wrapper */,
				9BBB10BF23571690002A0AC3 /* WeakObject */,
				9BBB10BE23571613002A0AC3 /* UserDefaultsSettable */,
				9BBB10BD23571604002A0AC3 /* Locator */,
				9BBB10BC235715F9002A0AC3 /* Delegate */,
				9B031374235600B600D90D30 /* AppDelegate.swift */,
				9B031376235600B600D90D30 /* SceneDelegate.swift */,
				9B031378235600B600D90D30 /* ViewController.swift */,
				9B03137A235600B600D90D30 /* Main.storyboard */,
				9B03137D235600B700D90D30 /* Assets.xcassets */,
				9B03137F235600B700D90D30 /* LaunchScreen.storyboard */,
				9B6F93AF23597A4100C770F6 /* sound.m4a */,
				9B031382235600B700D90D30 /* Info.plist */,
			);
			path = Demo;
			sourceTree = "<group>";
		};
		9B6F93AC235975EF00C770F6 /* SoundPlayer */ = {
			isa = PBXGroup;
			children = (
				9B6F93AD235978AA00C770F6 /* SoundPlayerViewController.swift */,
			);
			path = SoundPlayer;
			sourceTree = "<group>";
		};
		9B90CF6323574CDB007BBA9C /* Address */ = {
			isa = PBXGroup;
			children = (
				9B47871B2358079F0071A884 /* AddressPickerController.swift */,
			);
			path = Address;
			sourceTree = "<group>";
		};
		9B90CF642358054E007BBA9C /* Storyboard */ = {
			isa = PBXGroup;
			children = (
				9B90CF652358064F007BBA9C /* StoryBoard.swift */,
			);
			path = Storyboard;
			sourceTree = "<group>";
		};
		9BBB10BC235715F9002A0AC3 /* Delegate */ = {
			isa = PBXGroup;
			children = (
			);
			path = Delegate;
			sourceTree = "<group>";
		};
		9BBB10BD23571604002A0AC3 /* Locator */ = {
			isa = PBXGroup;
			children = (
			);
			path = Locator;
			sourceTree = "<group>";
		};
		9BBB10BE23571613002A0AC3 /* UserDefaultsSettable */ = {
			isa = PBXGroup;
			children = (
				9BBB10C1235716BE002A0AC3 /* UserDefaultsSettableViewController.swift */,
			);
			path = UserDefaultsSettable;
			sourceTree = "<group>";
		};
		9BBB10BF23571690002A0AC3 /* WeakObject */ = {
			isa = PBXGroup;
			children = (
			);
			path = WeakObject;
			sourceTree = "<group>";
		};
		9BBB10C02357169A002A0AC3 /* Wrapper */ = {
			isa = PBXGroup;
			children = (
			);
			path = Wrapper;
			sourceTree = "<group>";
		};
		9BBB10C32357277D002A0AC3 /* Frameworks */ = {
			isa = PBXGroup;
			children = (
			);
			name = Frameworks;
			sourceTree = "<group>";
		};
/* End PBXGroup section */

/* Begin PBXNativeTarget section */
		9B031370235600B600D90D30 /* Demo */ = {
			isa = PBXNativeTarget;
			buildConfigurationList = 9B031385235600B700D90D30 /* Build configuration list for PBXNativeTarget "Demo" */;
			buildPhases = (
				9B03136D235600B600D90D30 /* Sources */,
				9B03136E235600B600D90D30 /* Frameworks */,
				9B03136F235600B600D90D30 /* Resources */,
			);
			buildRules = (
			);
			dependencies = (
			);
			name = Demo;
			packageProductDependencies = (
				9BBB10C42357277D002A0AC3 /* Utils */,
			);
			productName = Demo;
			productReference = 9B031371235600B600D90D30 /* Demo.app */;
			productType = "com.apple.product-type.application";
		};
/* End PBXNativeTarget section */

/* Begin PBXProject section */
		9B031369235600B600D90D30 /* Project object */ = {
			isa = PBXProject;
			attributes = {
				LastSwiftUpdateCheck = 1110;
				LastUpgradeCheck = 1300;
				TargetAttributes = {
					9B031370235600B600D90D30 = {
						CreatedOnToolsVersion = 11.1;
					};
				};
			};
			buildConfigurationList = 9B03136C235600B600D90D30 /* Build configuration list for PBXProject "Demo" */;
			compatibilityVersion = "Xcode 11.0";
			developmentRegion = en;
			hasScannedForEncodings = 0;
			knownRegions = (
				en,
				Base,
			);
			mainGroup = 9B031368235600B600D90D30;
			productRefGroup = 9B031372235600B600D90D30 /* Products */;
			projectDirPath = "";
			projectRoot = "";
			targets = (
				9B031370235600B600D90D30 /* Demo */,
			);
		};
/* End PBXProject section */

/* Begin PBXResourcesBuildPhase section */
		9B03136F235600B600D90D30 /* Resources */ = {
			isa = PBXResourcesBuildPhase;
			buildActionMask = 2147483647;
			files = (
				9B031381235600B700D90D30 /* LaunchScreen.storyboard in Resources */,
				9B03137E235600B700D90D30 /* Assets.xcassets in Resources */,
				9B6F93B023597A4100C770F6 /* sound.m4a in Resources */,
				9B03137C235600B600D90D30 /* Main.storyboard in Resources */,
			);
			runOnlyForDeploymentPostprocessing = 0;
		};
/* End PBXResourcesBuildPhase section */

/* Begin PBXSourcesBuildPhase section */
		9B03136D235600B600D90D30 /* Sources */ = {
			isa = PBXSourcesBuildPhase;
			buildActionMask = 2147483647;
			files = (
				9B47871C2358079F0071A884 /* AddressPickerController.swift in Sources */,
				9B90CF662358064F007BBA9C /* StoryBoard.swift in Sources */,
				9B031379235600B600D90D30 /* ViewController.swift in Sources */,
				9B6F93AE235978AA00C770F6 /* SoundPlayerViewController.swift in Sources */,
				9BBB10C2235716BE002A0AC3 /* UserDefaultsSettableViewController.swift in Sources */,
				9B031375235600B600D90D30 /* AppDelegate.swift in Sources */,
				9B031377235600B600D90D30 /* SceneDelegate.swift in Sources */,
			);
			runOnlyForDeploymentPostprocessing = 0;
		};
/* End PBXSourcesBuildPhase section */

/* Begin PBXVariantGroup section */
		9B03137A235600B600D90D30 /* Main.storyboard */ = {
			isa = PBXVariantGroup;
			children = (
				9B03137B235600B600D90D30 /* Base */,
			);
			name = Main.storyboard;
			sourceTree = "<group>";
		};
		9B03137F235600B700D90D30 /* LaunchScreen.storyboard */ = {
			isa = PBXVariantGroup;
			children = (
				9B031380235600B700D90D30 /* Base */,
			);
			name = LaunchScreen.storyboard;
			sourceTree = "<group>";
		};
/* End PBXVariantGroup section */

/* Begin XCBuildConfiguration section */
		9B031383235600B700D90D30 /* Debug */ = {
			isa = XCBuildConfiguration;
			buildSettings = {
				ALWAYS_SEARCH_USER_PATHS = NO;
				CLANG_ANALYZER_NONNULL = YES;
				CLANG_ANALYZER_NUMBER_OBJECT_CONVERSION = YES_AGGRESSIVE;
				CLANG_CXX_LANGUAGE_STANDARD = "gnu++14";
				CLANG_CXX_LIBRARY = "libc++";
				CLANG_ENABLE_MODULES = YES;
				CLANG_ENABLE_OBJC_ARC = YES;
				CLANG_ENABLE_OBJC_WEAK = YES;
				CLANG_WARN_BLOCK_CAPTURE_AUTORELEASING = YES;
				CLANG_WARN_BOOL_CONVERSION = YES;
				CLANG_WARN_COMMA = YES;
				CLANG_WARN_CONSTANT_CONVERSION = YES;
				CLANG_WARN_DEPRECATED_OBJC_IMPLEMENTATIONS = YES;
				CLANG_WARN_DIRECT_OBJC_ISA_USAGE = YES_ERROR;
				CLANG_WARN_DOCUMENTATION_COMMENTS = YES;
				CLANG_WARN_EMPTY_BODY = YES;
				CLANG_WARN_ENUM_CONVERSION = YES;
				CLANG_WARN_INFINITE_RECURSION = YES;
				CLANG_WARN_INT_CONVERSION = YES;
				CLANG_WARN_NON_LITERAL_NULL_CONVERSION = YES;
				CLANG_WARN_OBJC_IMPLICIT_RETAIN_SELF = YES;
				CLANG_WARN_OBJC_LITERAL_CONVERSION = YES;
				CLANG_WARN_OBJC_ROOT_CLASS = YES_ERROR;
				CLANG_WARN_QUOTED_INCLUDE_IN_FRAMEWORK_HEADER = YES;
				CLANG_WARN_RANGE_LOOP_ANALYSIS = YES;
				CLANG_WARN_STRICT_PROTOTYPES = YES;
				CLANG_WARN_SUSPICIOUS_MOVE = YES;
				CLANG_WARN_UNGUARDED_AVAILABILITY = YES_AGGRESSIVE;
				CLANG_WARN_UNREACHABLE_CODE = YES;
				CLANG_WARN__DUPLICATE_METHOD_MATCH = YES;
				COPY_PHASE_STRIP = NO;
				DEBUG_INFORMATION_FORMAT = dwarf;
				ENABLE_STRICT_OBJC_MSGSEND = YES;
				ENABLE_TESTABILITY = YES;
				GCC_C_LANGUAGE_STANDARD = gnu11;
				GCC_DYNAMIC_NO_PIC = NO;
				GCC_NO_COMMON_BLOCKS = YES;
				GCC_OPTIMIZATION_LEVEL = 0;
				GCC_PREPROCESSOR_DEFINITIONS = (
					"DEBUG=1",
					"$(inherited)",
				);
				GCC_WARN_64_TO_32_BIT_CONVERSION = YES;
				GCC_WARN_ABOUT_RETURN_TYPE = YES_ERROR;
				GCC_WARN_UNDECLARED_SELECTOR = YES;
				GCC_WARN_UNINITIALIZED_AUTOS = YES_AGGRESSIVE;
				GCC_WARN_UNUSED_FUNCTION = YES;
				GCC_WARN_UNUSED_VARIABLE = YES;
				IPHONEOS_DEPLOYMENT_TARGET = 13.1;
				MTL_ENABLE_DEBUG_INFO = INCLUDE_SOURCE;
				MTL_FAST_MATH = YES;
				ONLY_ACTIVE_ARCH = YES;
				SDKROOT = iphoneos;
				SWIFT_ACTIVE_COMPILATION_CONDITIONS = DEBUG;
				SWIFT_OPTIMIZATION_LEVEL = "-Onone";
			};
			name = Debug;
		};
		9B031384235600B700D90D30 /* Release */ = {
			isa = XCBuildConfiguration;
			buildSettings = {
				ALWAYS_SEARCH_USER_PATHS = NO;
				CLANG_ANALYZER_NONNULL = YES;
				CLANG_ANALYZER_NUMBER_OBJECT_CONVERSION = YES_AGGRESSIVE;
				CLANG_CXX_LANGUAGE_STANDARD = "gnu++14";
				CLANG_CXX_LIBRARY = "libc++";
				CLANG_ENABLE_MODULES = YES;
				CLANG_ENABLE_OBJC_ARC = YES;
				CLANG_ENABLE_OBJC_WEAK = YES;
				CLANG_WARN_BLOCK_CAPTURE_AUTORELEASING = YES;
				CLANG_WARN_BOOL_CONVERSION = YES;
				CLANG_WARN_COMMA = YES;
				CLANG_WARN_CONSTANT_CONVERSION = YES;
				CLANG_WARN_DEPRECATED_OBJC_IMPLEMENTATIONS = YES;
				CLANG_WARN_DIRECT_OBJC_ISA_USAGE = YES_ERROR;
				CLANG_WARN_DOCUMENTATION_COMMENTS = YES;
				CLANG_WARN_EMPTY_BODY = YES;
				CLANG_WARN_ENUM_CONVERSION = YES;
				CLANG_WARN_INFINITE_RECURSION = YES;
				CLANG_WARN_INT_CONVERSION = YES;
				CLANG_WARN_NON_LITERAL_NULL_CONVERSION = YES;
				CLANG_WARN_OBJC_IMPLICIT_RETAIN_SELF = YES;
				CLANG_WARN_OBJC_LITERAL_CONVERSION = YES;
				CLANG_WARN_OBJC_ROOT_CLASS = YES_ERROR;
				CLANG_WARN_QUOTED_INCLUDE_IN_FRAMEWORK_HEADER = YES;
				CLANG_WARN_RANGE_LOOP_ANALYSIS = YES;
				CLANG_WARN_STRICT_PROTOTYPES = YES;
				CLANG_WARN_SUSPICIOUS_MOVE = YES;
				CLANG_WARN_UNGUARDED_AVAILABILITY = YES_AGGRESSIVE;
				CLANG_WARN_UNREACHABLE_CODE = YES;
				CLANG_WARN__DUPLICATE_METHOD_MATCH = YES;
				COPY_PHASE_STRIP = NO;
				DEBUG_INFORMATION_FORMAT = "dwarf-with-dsym";
				ENABLE_NS_ASSERTIONS = NO;
				ENABLE_STRICT_OBJC_MSGSEND = YES;
				GCC_C_LANGUAGE_STANDARD = gnu11;
				GCC_NO_COMMON_BLOCKS = YES;
				GCC_WARN_64_TO_32_BIT_CONVERSION = YES;
				GCC_WARN_ABOUT_RETURN_TYPE = YES_ERROR;
				GCC_WARN_UNDECLARED_SELECTOR = YES;
				GCC_WARN_UNINITIALIZED_AUTOS = YES_AGGRESSIVE;
				GCC_WARN_UNUSED_FUNCTION = YES;
				GCC_WARN_UNUSED_VARIABLE = YES;
				IPHONEOS_DEPLOYMENT_TARGET = 13.1;
				MTL_ENABLE_DEBUG_INFO = NO;
				MTL_FAST_MATH = YES;
				SDKROOT = iphoneos;
				SWIFT_COMPILATION_MODE = wholemodule;
				SWIFT_OPTIMIZATION_LEVEL = "-O";
				VALIDATE_PRODUCT = YES;
			};
			name = Release;
		};
		9B031386235600B700D90D30 /* Debug */ = {
			isa = XCBuildConfiguration;
			buildSettings = {
				ASSETCATALOG_COMPILER_APPICON_NAME = AppIcon;
				CODE_SIGN_STYLE = Automatic;
				DEVELOPMENT_TEAM = 47ED62RARV;
				INFOPLIST_FILE = Demo/Info.plist;
				IPHONEOS_DEPLOYMENT_TARGET = 12.0;
				LD_RUNPATH_SEARCH_PATHS = (
					"$(inherited)",
					"@executable_path/Frameworks",
				);
				MARKETING_VERSION = 1.0.0;
				PRODUCT_BUNDLE_IDENTIFIER = com.component.utils.demo;
				PRODUCT_NAME = "$(TARGET_NAME)";
				SWIFT_VERSION = 5.0;
				TARGETED_DEVICE_FAMILY = "1,2";
			};
			name = Debug;
		};
		9B031387235600B700D90D30 /* Release */ = {
			isa = XCBuildConfiguration;
			buildSettings = {
				ASSETCATALOG_COMPILER_APPICON_NAME = AppIcon;
				CODE_SIGN_STYLE = Automatic;
				DEVELOPMENT_TEAM = B9D8DJR5J5;
				INFOPLIST_FILE = Demo/Info.plist;
				IPHONEOS_DEPLOYMENT_TARGET = 12.0;
				LD_RUNPATH_SEARCH_PATHS = (
					"$(inherited)",
					"@executable_path/Frameworks",
				);
				MARKETING_VERSION = 1.0.0;
				PRODUCT_BUNDLE_IDENTIFIER = com.component.utils.demo;
				PRODUCT_NAME = "$(TARGET_NAME)";
				SWIFT_VERSION = 5.0;
				TARGETED_DEVICE_FAMILY = "1,2";
			};
			name = Release;
		};
/* End XCBuildConfiguration section */

/* Begin XCConfigurationList section */
		9B03136C235600B600D90D30 /* Build configuration list for PBXProject "Demo" */ = {
			isa = XCConfigurationList;
			buildConfigurations = (
				9B031383235600B700D90D30 /* Debug */,
				9B031384235600B700D90D30 /* Release */,
			);
			defaultConfigurationIsVisible = 0;
			defaultConfigurationName = Release;
		};
		9B031385235600B700D90D30 /* Build configuration list for PBXNativeTarget "Demo" */ = {
			isa = XCConfigurationList;
			buildConfigurations = (
				9B031386235600B700D90D30 /* Debug */,
				9B031387235600B700D90D30 /* Release */,
			);
			defaultConfigurationIsVisible = 0;
			defaultConfigurationName = Release;
		};
/* End XCConfigurationList section */

/* Begin XCSwiftPackageProductDependency section */
		9BBB10C42357277D002A0AC3 /* Utils */ = {
			isa = XCSwiftPackageProductDependency;
			productName = Utils;
		};
/* End XCSwiftPackageProductDependency section */
	};
	rootObject = 9B031369235600B600D90D30 /* Project object */;
}
